
Microsoft Visual Studio Solution File, Format Version 12.00
# Visual Studio Version 16
VisualStudioVersion = 16.0.30128.74
MinimumVisualStudioVersion = 10.0.40219.1
Project("{FAE04EC0-301F-11D3-BF4B-00C04F79EFBC}") = "Turnero.api", "Turnero.api\Turnero.api.csproj", "{6B995A2E-5BA3-41B1-9D2F-58FE598D84F8}"
EndProject
Project("{FAE04EC0-301F-11D3-BF4B-00C04F79EFBC}") = "Turneroo.Blazor", "Turneroo.Blazor\Turneroo.Blazor.csproj", "{EB4DD378-2027-45FE-8161-ED50ECBFCA7D}"
EndProject
Global
	GlobalSection(SolutionConfigurationPlatforms) = preSolution
		Debug|Any CPU = Debug|Any CPU
		Release|Any CPU = Release|Any CPU
	EndGlobalSection
	GlobalSection(ProjectConfigurationPlatforms) = postSolution
		{6B995A2E-5BA3-41B1-9D2F-58FE598D84F8}.Debug|Any CPU.ActiveCfg = Debug|Any CPU
		{6B995A2E-5BA3-41B1-9D2F-58FE598D84F8}.Debug|Any CPU.Build.0 = Debug|Any CPU
		{6B995A2E-5BA3-41B1-9D2F-58FE598D84F8}.Release|Any CPU.ActiveCfg = Release|Any CPU
		{6B995A2E-5BA3-41B1-9D2F-58FE598D84F8}.Release|Any CPU.Build.0 = Release|Any CPU
		{EB4DD378-2027-45FE-8161-ED50ECBFCA7D}.Debug|Any CPU.ActiveCfg = Debug|Any CPU
		{EB4DD378-2027-45FE-8161-ED50ECBFCA7D}.Debug|Any CPU.Build.0 = Debug|Any CPU
		{EB4DD378-2027-45FE-8161-ED50ECBFCA7D}.Release|Any CPU.ActiveCfg = Release|Any CPU
		{EB4DD378-2027-45FE-8161-ED50ECBFCA7D}.Release|Any CPU.Build.0 = Release|Any CPU
	EndGlobalSection
	GlobalSection(SolutionProperties) = preSolution
		HideSolutionNode = FALSE
	EndGlobalSection
	GlobalSection(ExtensibilityGlobals) = postSolution
		SolutionGuid = {EB564D73-4700-4A41-B7CE-8AA0D59D8BFD}
	EndGlobalSection
EndGlobal
