
Microsoft Visual Studio Solution File, Format Version 12.00
# Visual Studio Version 16
VisualStudioVersion = 16.0.30128.74
MinimumVisualStudioVersion = 10.0.40219.1
Project("{9A19103F-16F7-4668-BE54-9A1E7A4F7556}") = "Api.Turnero", "Api.Turnero\Api.Turnero.csproj", "{7FD38D22-30C1-48EF-864E-531D9EFE3924}"
EndProject
Project("{9A19103F-16F7-4668-BE54-9A1E7A4F7556}") = "Blazor.Turnero", "Blazor.Turnero\Blazor.Turnero.csproj", "{218E83CF-C370-4B3F-8819-65B7B86B6BD9}"
EndProject
Global
	GlobalSection(SolutionConfigurationPlatforms) = preSolution
		Debug|Any CPU = Debug|Any CPU
		Release|Any CPU = Release|Any CPU
	EndGlobalSection
	GlobalSection(ProjectConfigurationPlatforms) = postSolution
		{7FD38D22-30C1-48EF-864E-531D9EFE3924}.Debug|Any CPU.ActiveCfg = Debug|Any CPU
		{7FD38D22-30C1-48EF-864E-531D9EFE3924}.Debug|Any CPU.Build.0 = Debug|Any CPU
		{7FD38D22-30C1-48EF-864E-531D9EFE3924}.Release|Any CPU.ActiveCfg = Release|Any CPU
		{7FD38D22-30C1-48EF-864E-531D9EFE3924}.Release|Any CPU.Build.0 = Release|Any CPU
		{218E83CF-C370-4B3F-8819-65B7B86B6BD9}.Debug|Any CPU.ActiveCfg = Debug|Any CPU
		{218E83CF-C370-4B3F-8819-65B7B86B6BD9}.Debug|Any CPU.Build.0 = Debug|Any CPU
		{218E83CF-C370-4B3F-8819-65B7B86B6BD9}.Release|Any CPU.ActiveCfg = Release|Any CPU
		{218E83CF-C370-4B3F-8819-65B7B86B6BD9}.Release|Any CPU.Build.0 = Release|Any CPU
	EndGlobalSection
	GlobalSection(SolutionProperties) = preSolution
		HideSolutionNode = FALSE
	EndGlobalSection
	GlobalSection(ExtensibilityGlobals) = postSolution
		SolutionGuid = {EB564D73-4700-4A41-B7CE-8AA0D59D8BFD}
	EndGlobalSection
EndGlobal
